
Microsoft Visual Studio Solution File, Format Version 12.00
# Visual Studio 2013
VisualStudioVersion = 12.0.31101.0
MinimumVisualStudioVersion = 10.0.40219.1
Project("{FAE04EC0-301F-11D3-BF4B-00C04F79EFBC}") = "HttpNet", "httpnet\HttpNet.csproj", "{92D91136-1E13-4D7E-9A8E-9FE1ABDC6123}"
EndProject
Project("{FAE04EC0-301F-11D3-BF4B-00C04F79EFBC}") = "HttpNet.tests", "httpnet.tests\HttpNet.tests.csproj", "{A16F1B5F-B11F-4638-9F3E-770AAB90069E}"
EndProject
Project("{FAE04EC0-301F-11D3-BF4B-00C04F79EFBC}") = "httpn", "httpn\httpn.csproj", "{CB2C16A8-3051-4FBE-8CA4-D3C1502A5AE1}"
EndProject
Project("{2150E333-8FDC-42A3-9474-1A3956D46DE8}") = "Solution Items", "Solution Items", "{92D3CB8B-0F9A-40F8-AD44-A160A6D92C48}"
	ProjectSection(SolutionItems) = preProject
		LocalTestRun.testrunconfig = LocalTestRun.testrunconfig
	EndProjectSection
EndProject
Global
	GlobalSection(SolutionConfigurationPlatforms) = preSolution
		Debug|Any CPU = Debug|Any CPU
		Release|Any CPU = Release|Any CPU
	EndGlobalSection
	GlobalSection(ProjectConfigurationPlatforms) = postSolution
		{92D91136-1E13-4D7E-9A8E-9FE1ABDC6123}.Debug|Any CPU.ActiveCfg = Debug|Any CPU
		{92D91136-1E13-4D7E-9A8E-9FE1ABDC6123}.Debug|Any CPU.Build.0 = Debug|Any CPU
		{92D91136-1E13-4D7E-9A8E-9FE1ABDC6123}.Release|Any CPU.ActiveCfg = Release|Any CPU
		{92D91136-1E13-4D7E-9A8E-9FE1ABDC6123}.Release|Any CPU.Build.0 = Release|Any CPU
		{A16F1B5F-B11F-4638-9F3E-770AAB90069E}.Debug|Any CPU.ActiveCfg = Debug|Any CPU
		{A16F1B5F-B11F-4638-9F3E-770AAB90069E}.Debug|Any CPU.Build.0 = Debug|Any CPU
		{A16F1B5F-B11F-4638-9F3E-770AAB90069E}.Release|Any CPU.ActiveCfg = Release|Any CPU
		{A16F1B5F-B11F-4638-9F3E-770AAB90069E}.Release|Any CPU.Build.0 = Release|Any CPU
		{CB2C16A8-3051-4FBE-8CA4-D3C1502A5AE1}.Debug|Any CPU.ActiveCfg = Debug|Any CPU
		{CB2C16A8-3051-4FBE-8CA4-D3C1502A5AE1}.Debug|Any CPU.Build.0 = Debug|Any CPU
		{CB2C16A8-3051-4FBE-8CA4-D3C1502A5AE1}.Release|Any CPU.ActiveCfg = Release|Any CPU
		{CB2C16A8-3051-4FBE-8CA4-D3C1502A5AE1}.Release|Any CPU.Build.0 = Release|Any CPU
	EndGlobalSection
	GlobalSection(SolutionProperties) = preSolution
		HideSolutionNode = FALSE
	EndGlobalSection
EndGlobal
